
Microsoft Visual Studio Solution File, Format Version 12.00
# Visual Studio 15
VisualStudioVersion = 15.0.27703.2000
MinimumVisualStudioVersion = 10.0.40219.1
Project("{2150E333-8FDC-42A3-9474-1A3956D46DE8}") = "src", "src", "{AAD94D7E-BAA3-47AA-B51B-FA9F67D93FE3}"
EndProject
Project("{9A19103F-16F7-4668-BE54-9A1E7A4F7556}") = "Stocqres.Core", "Stocqres.Core\Stocqres.Core.csproj", "{0D048AB8-C5AD-4E43-B5A3-0BF7D1F866A4}"
EndProject
Project("{9A19103F-16F7-4668-BE54-9A1E7A4F7556}") = "Stocqres.Infrastructure", "Stocqres.Infrastructure\Stocqres.Infrastructure.csproj", "{39A4F1F6-1AEF-4750-A624-5CBED2BFF8C5}"
EndProject
Project("{9A19103F-16F7-4668-BE54-9A1E7A4F7556}") = "Stocqres.Api", "Stocqres.Api\Stocqres.Api.csproj", "{FF038102-BB72-4B92-A63D-B6E5A8891360}"
EndProject
Project("{E53339B2-1760-4266-BCC7-CA923CBCF16C}") = "docker-compose", "docker-compose.dcproj", "{95274F3A-D8B0-49E3-AABD-33C7B2A69BC4}"
EndProject
Project("{9A19103F-16F7-4668-BE54-9A1E7A4F7556}") = "Stocqres.Customers", "Stocqres.Customers\Stocqres.Customers.csproj", "{BE5DC542-DF74-43B2-9DB7-39F81E61AA35}"
EndProject
Project("{9A19103F-16F7-4668-BE54-9A1E7A4F7556}") = "Stocqres.Identity", "Stocqres.Identity\Stocqres.Identity.csproj", "{8C7E3372-091D-4FC2-8A32-178D49154E7E}"
EndProject
Project("{2150E333-8FDC-42A3-9474-1A3956D46DE8}") = "scripts", "scripts", "{87C6D0F9-420A-4B0F-BA4C-A933DB972C21}"
EndProject
Project("{2150E333-8FDC-42A3-9474-1A3956D46DE8}") = "SqlServer", "SqlServer", "{D840FD19-B8FD-49AC-BE7D-876CBCBA3AB0}"
	ProjectSection(SolutionItems) = preProject
		Aggregates.sql = Aggregates.sql
		scripts\SqlServer\entrypoint.sh = scripts\SqlServer\entrypoint.sh
		scripts\SqlServer\IdentityScript.sql = scripts\SqlServer\IdentityScript.sql
		InitDb.sql = InitDb.sql
		scripts\SqlServer\ProcessManager.sql = scripts\SqlServer\ProcessManager.sql
		Settings.sql = Settings.sql
		scripts\SqlServer\setup-database.sh = scripts\SqlServer\setup-database.sh
	EndProjectSection
EndProject
Project("{9A19103F-16F7-4668-BE54-9A1E7A4F7556}") = "Stocqres.SharedKernel", "Stocqres.SharedKernel\Stocqres.SharedKernel.csproj", "{49690770-AC80-4419-944C-4AE2D829B9F0}"
EndProject
Project("{9A19103F-16F7-4668-BE54-9A1E7A4F7556}") = "Stocqres.Transactions", "Stocqres.Transactions\Stocqres.Transactions.csproj", "{EA7078F8-BA8A-4062-8ADE-B6164A961861}"
EndProject
Project("{2150E333-8FDC-42A3-9474-1A3956D46DE8}") = "tests", "tests", "{442F4BE5-AD6B-4A84-8098-6E02C4801A05}"
EndProject
Project("{9A19103F-16F7-4668-BE54-9A1E7A4F7556}") = "Stocqres.UnitTests", "Stocqres.UnitTests\Stocqres.UnitTests.csproj", "{CFDBDB10-120F-4234-82F0-9D165060B733}"
EndProject
Project("{9A19103F-16F7-4668-BE54-9A1E7A4F7556}") = "Stocqres.IntegrationTests", "Stocqres.IntegrationTests\Stocqres.IntegrationTests.csproj", "{57E71B3A-D7D9-422B-B9A5-457B56A2CC78}"
EndProject
Project("{FAE04EC0-301F-11D3-BF4B-00C04F79EFBC}") = "Stocqres.Mobile", "Stocqres.Mobile\Stocqres.Mobile.csproj", "{E8C32C28-C00B-4A53-9460-3400EF7B0BE8}"
EndProject
Project("{FAE04EC0-301F-11D3-BF4B-00C04F79EFBC}") = "Stocqres.Customers.Api", "..\Users\MateuszGajda\source\repos\Stocqres.Customers.Api\Stocqres.Customers.Api.csproj", "{326F641B-F274-4E06-9567-69204DDEE99A}"
EndProject
Global
	GlobalSection(SolutionConfigurationPlatforms) = preSolution
		Debug|Any CPU = Debug|Any CPU
		Release|Any CPU = Release|Any CPU
	EndGlobalSection
	GlobalSection(ProjectConfigurationPlatforms) = postSolution
		{0D048AB8-C5AD-4E43-B5A3-0BF7D1F866A4}.Debug|Any CPU.ActiveCfg = Debug|Any CPU
		{0D048AB8-C5AD-4E43-B5A3-0BF7D1F866A4}.Debug|Any CPU.Build.0 = Debug|Any CPU
		{0D048AB8-C5AD-4E43-B5A3-0BF7D1F866A4}.Release|Any CPU.ActiveCfg = Release|Any CPU
		{0D048AB8-C5AD-4E43-B5A3-0BF7D1F866A4}.Release|Any CPU.Build.0 = Release|Any CPU
		{39A4F1F6-1AEF-4750-A624-5CBED2BFF8C5}.Debug|Any CPU.ActiveCfg = Debug|Any CPU
		{39A4F1F6-1AEF-4750-A624-5CBED2BFF8C5}.Debug|Any CPU.Build.0 = Debug|Any CPU
		{39A4F1F6-1AEF-4750-A624-5CBED2BFF8C5}.Release|Any CPU.ActiveCfg = Release|Any CPU
		{39A4F1F6-1AEF-4750-A624-5CBED2BFF8C5}.Release|Any CPU.Build.0 = Release|Any CPU
		{FF038102-BB72-4B92-A63D-B6E5A8891360}.Debug|Any CPU.ActiveCfg = Debug|Any CPU
		{FF038102-BB72-4B92-A63D-B6E5A8891360}.Debug|Any CPU.Build.0 = Debug|Any CPU
		{FF038102-BB72-4B92-A63D-B6E5A8891360}.Release|Any CPU.ActiveCfg = Release|Any CPU
		{FF038102-BB72-4B92-A63D-B6E5A8891360}.Release|Any CPU.Build.0 = Release|Any CPU
		{95274F3A-D8B0-49E3-AABD-33C7B2A69BC4}.Debug|Any CPU.ActiveCfg = Debug|Any CPU
		{95274F3A-D8B0-49E3-AABD-33C7B2A69BC4}.Debug|Any CPU.Build.0 = Debug|Any CPU
		{95274F3A-D8B0-49E3-AABD-33C7B2A69BC4}.Release|Any CPU.ActiveCfg = Release|Any CPU
		{95274F3A-D8B0-49E3-AABD-33C7B2A69BC4}.Release|Any CPU.Build.0 = Release|Any CPU
		{BE5DC542-DF74-43B2-9DB7-39F81E61AA35}.Debug|Any CPU.ActiveCfg = Debug|Any CPU
		{BE5DC542-DF74-43B2-9DB7-39F81E61AA35}.Debug|Any CPU.Build.0 = Debug|Any CPU
		{BE5DC542-DF74-43B2-9DB7-39F81E61AA35}.Release|Any CPU.ActiveCfg = Release|Any CPU
		{BE5DC542-DF74-43B2-9DB7-39F81E61AA35}.Release|Any CPU.Build.0 = Release|Any CPU
		{8C7E3372-091D-4FC2-8A32-178D49154E7E}.Debug|Any CPU.ActiveCfg = Debug|Any CPU
		{8C7E3372-091D-4FC2-8A32-178D49154E7E}.Debug|Any CPU.Build.0 = Debug|Any CPU
		{8C7E3372-091D-4FC2-8A32-178D49154E7E}.Release|Any CPU.ActiveCfg = Release|Any CPU
		{8C7E3372-091D-4FC2-8A32-178D49154E7E}.Release|Any CPU.Build.0 = Release|Any CPU
		{49690770-AC80-4419-944C-4AE2D829B9F0}.Debug|Any CPU.ActiveCfg = Debug|Any CPU
		{49690770-AC80-4419-944C-4AE2D829B9F0}.Debug|Any CPU.Build.0 = Debug|Any CPU
		{49690770-AC80-4419-944C-4AE2D829B9F0}.Release|Any CPU.ActiveCfg = Release|Any CPU
		{49690770-AC80-4419-944C-4AE2D829B9F0}.Release|Any CPU.Build.0 = Release|Any CPU
		{EA7078F8-BA8A-4062-8ADE-B6164A961861}.Debug|Any CPU.ActiveCfg = Debug|Any CPU
		{EA7078F8-BA8A-4062-8ADE-B6164A961861}.Debug|Any CPU.Build.0 = Debug|Any CPU
		{EA7078F8-BA8A-4062-8ADE-B6164A961861}.Release|Any CPU.ActiveCfg = Release|Any CPU
		{EA7078F8-BA8A-4062-8ADE-B6164A961861}.Release|Any CPU.Build.0 = Release|Any CPU
		{CFDBDB10-120F-4234-82F0-9D165060B733}.Debug|Any CPU.ActiveCfg = Debug|Any CPU
		{CFDBDB10-120F-4234-82F0-9D165060B733}.Debug|Any CPU.Build.0 = Debug|Any CPU
		{CFDBDB10-120F-4234-82F0-9D165060B733}.Release|Any CPU.ActiveCfg = Release|Any CPU
		{CFDBDB10-120F-4234-82F0-9D165060B733}.Release|Any CPU.Build.0 = Release|Any CPU
		{57E71B3A-D7D9-422B-B9A5-457B56A2CC78}.Debug|Any CPU.ActiveCfg = Debug|Any CPU
		{57E71B3A-D7D9-422B-B9A5-457B56A2CC78}.Debug|Any CPU.Build.0 = Debug|Any CPU
		{57E71B3A-D7D9-422B-B9A5-457B56A2CC78}.Release|Any CPU.ActiveCfg = Release|Any CPU
		{57E71B3A-D7D9-422B-B9A5-457B56A2CC78}.Release|Any CPU.Build.0 = Release|Any CPU
		{E8C32C28-C00B-4A53-9460-3400EF7B0BE8}.Debug|Any CPU.ActiveCfg = Debug|Any CPU
		{E8C32C28-C00B-4A53-9460-3400EF7B0BE8}.Debug|Any CPU.Build.0 = Debug|Any CPU
		{E8C32C28-C00B-4A53-9460-3400EF7B0BE8}.Release|Any CPU.ActiveCfg = Release|Any CPU
		{E8C32C28-C00B-4A53-9460-3400EF7B0BE8}.Release|Any CPU.Build.0 = Release|Any CPU
		{326F641B-F274-4E06-9567-69204DDEE99A}.Debug|Any CPU.ActiveCfg = Debug|Any CPU
		{326F641B-F274-4E06-9567-69204DDEE99A}.Debug|Any CPU.Build.0 = Debug|Any CPU
		{326F641B-F274-4E06-9567-69204DDEE99A}.Release|Any CPU.ActiveCfg = Release|Any CPU
		{326F641B-F274-4E06-9567-69204DDEE99A}.Release|Any CPU.Build.0 = Release|Any CPU
	EndGlobalSection
	GlobalSection(SolutionProperties) = preSolution
		HideSolutionNode = FALSE
	EndGlobalSection
	GlobalSection(NestedProjects) = preSolution
		{0D048AB8-C5AD-4E43-B5A3-0BF7D1F866A4} = {AAD94D7E-BAA3-47AA-B51B-FA9F67D93FE3}
		{39A4F1F6-1AEF-4750-A624-5CBED2BFF8C5} = {AAD94D7E-BAA3-47AA-B51B-FA9F67D93FE3}
		{FF038102-BB72-4B92-A63D-B6E5A8891360} = {AAD94D7E-BAA3-47AA-B51B-FA9F67D93FE3}
		{BE5DC542-DF74-43B2-9DB7-39F81E61AA35} = {AAD94D7E-BAA3-47AA-B51B-FA9F67D93FE3}
		{8C7E3372-091D-4FC2-8A32-178D49154E7E} = {AAD94D7E-BAA3-47AA-B51B-FA9F67D93FE3}
		{D840FD19-B8FD-49AC-BE7D-876CBCBA3AB0} = {87C6D0F9-420A-4B0F-BA4C-A933DB972C21}
		{49690770-AC80-4419-944C-4AE2D829B9F0} = {AAD94D7E-BAA3-47AA-B51B-FA9F67D93FE3}
		{EA7078F8-BA8A-4062-8ADE-B6164A961861} = {AAD94D7E-BAA3-47AA-B51B-FA9F67D93FE3}
		{CFDBDB10-120F-4234-82F0-9D165060B733} = {442F4BE5-AD6B-4A84-8098-6E02C4801A05}
		{57E71B3A-D7D9-422B-B9A5-457B56A2CC78} = {442F4BE5-AD6B-4A84-8098-6E02C4801A05}
		{E8C32C28-C00B-4A53-9460-3400EF7B0BE8} = {AAD94D7E-BAA3-47AA-B51B-FA9F67D93FE3}
		{326F641B-F274-4E06-9567-69204DDEE99A} = {AAD94D7E-BAA3-47AA-B51B-FA9F67D93FE3}
	EndGlobalSection
	GlobalSection(ExtensibilityGlobals) = postSolution
		SolutionGuid = {6709BAD5-9D57-4D0D-9F3E-BE8AC0856C09}
	EndGlobalSection
EndGlobal
